
Microsoft Visual Studio Solution File, Format Version 12.00
# Visual Studio Version 17
VisualStudioVersion = 17.12.35527.113
MinimumVisualStudioVersion = 10.0.40219.1
Project("{8BC9CEB8-8B4A-11D0-8D11-00A0C91BC942}") = "1.BubbleSort", "1.BubbleSort\1.BubbleSort.vcxproj", "{C6F5D890-C4ED-4448-A4FF-E53500A4D1B3}"
EndProject
Project("{8BC9CEB8-8B4A-11D0-8D11-00A0C91BC942}") = "2.SelectionSort", "2.SelectionSort\2.SelectionSort.vcxproj", "{447489B8-4763-494B-B288-9257EBC31D28}"
EndProject
Project("{8BC9CEB8-8B4A-11D0-8D11-00A0C91BC942}") = "3.InsertionSort", "3.InsertionSort\3.InsertionSort.vcxproj", "{4D3195B9-D7F0-4D4B-9C85-7DDCE8AC7D04}"
EndProject
Project("{8BC9CEB8-8B4A-11D0-8D11-00A0C91BC942}") = "4.QuickSort", "4.QuickSort\4.QuickSort.vcxproj", "{EFE8F144-8042-4FEC-BBF6-7C30BD572204}"
EndProject
Project("{8BC9CEB8-8B4A-11D0-8D11-00A0C91BC942}") = "5.MergeSort", "5.MergeSort\5.MergeSort.vcxproj", "{3965F5B3-96FF-4B00-8C7F-59D5184DA89A}"
EndProject
Project("{8BC9CEB8-8B4A-11D0-8D11-00A0C91BC942}") = "0.Practice", "0.Practice\0.Practice.vcxproj", "{53E38693-E1D1-4769-9A89-1DCC8CEBFE62}"
EndProject
Project("{8BC9CEB8-8B4A-11D0-8D11-00A0C91BC942}") = "6.HeapSort", "6.HeapSort\6.HeapSort.vcxproj", "{CA9FC3BD-4D6F-4560-9ADB-64C9C937CCA4}"
EndProject
Project("{8BC9CEB8-8B4A-11D0-8D11-00A0C91BC942}") = "7.DFS", "7.DFS\7.DFS.vcxproj", "{50900EF5-17AC-4B4E-93F4-ED8D6B4CF925}"
EndProject
Project("{8BC9CEB8-8B4A-11D0-8D11-00A0C91BC942}") = "8.BFS", "8.BFS\8.BFS.vcxproj", "{43318CB0-ACD9-4839-AE49-9A2C8C4F27F7}"
EndProject
Project("{8BC9CEB8-8B4A-11D0-8D11-00A0C91BC942}") = "9.RBT", "9.RBT\9.RBT.vcxproj", "{E4896D36-246B-463A-B8E0-2338929B5F62}"
EndProject
Project("{8BC9CEB8-8B4A-11D0-8D11-00A0C91BC942}") = "10.AStarPathFinding", "10.AStarPathFinding\10.AStarPathFinding.vcxproj", "{37C3F227-AAF5-4122-9E8C-A1FCB10EEB59}"
EndProject
Project("{8BC9CEB8-8B4A-11D0-8D11-00A0C91BC942}") = "11.QuadTree", "11.QuadTree\11.QuadTree.vcxproj", "{920A74D2-4514-4404-8F62-4B380C5AABAB}"
EndProject
Global
	GlobalSection(SolutionConfigurationPlatforms) = preSolution
		Debug|x64 = Debug|x64
		Debug|x86 = Debug|x86
		Release|x64 = Release|x64
		Release|x86 = Release|x86
	EndGlobalSection
	GlobalSection(ProjectConfigurationPlatforms) = postSolution
		{C6F5D890-C4ED-4448-A4FF-E53500A4D1B3}.Debug|x64.ActiveCfg = Debug|x64
		{C6F5D890-C4ED-4448-A4FF-E53500A4D1B3}.Debug|x64.Build.0 = Debug|x64
		{C6F5D890-C4ED-4448-A4FF-E53500A4D1B3}.Debug|x86.ActiveCfg = Debug|Win32
		{C6F5D890-C4ED-4448-A4FF-E53500A4D1B3}.Debug|x86.Build.0 = Debug|Win32
		{C6F5D890-C4ED-4448-A4FF-E53500A4D1B3}.Release|x64.ActiveCfg = Release|x64
		{C6F5D890-C4ED-4448-A4FF-E53500A4D1B3}.Release|x64.Build.0 = Release|x64
		{C6F5D890-C4ED-4448-A4FF-E53500A4D1B3}.Release|x86.ActiveCfg = Release|Win32
		{C6F5D890-C4ED-4448-A4FF-E53500A4D1B3}.Release|x86.Build.0 = Release|Win32
		{447489B8-4763-494B-B288-9257EBC31D28}.Debug|x64.ActiveCfg = Debug|x64
		{447489B8-4763-494B-B288-9257EBC31D28}.Debug|x64.Build.0 = Debug|x64
		{447489B8-4763-494B-B288-9257EBC31D28}.Debug|x86.ActiveCfg = Debug|Win32
		{447489B8-4763-494B-B288-9257EBC31D28}.Debug|x86.Build.0 = Debug|Win32
		{447489B8-4763-494B-B288-9257EBC31D28}.Release|x64.ActiveCfg = Release|x64
		{447489B8-4763-494B-B288-9257EBC31D28}.Release|x64.Build.0 = Release|x64
		{447489B8-4763-494B-B288-9257EBC31D28}.Release|x86.ActiveCfg = Release|Win32
		{447489B8-4763-494B-B288-9257EBC31D28}.Release|x86.Build.0 = Release|Win32
		{4D3195B9-D7F0-4D4B-9C85-7DDCE8AC7D04}.Debug|x64.ActiveCfg = Debug|x64
		{4D3195B9-D7F0-4D4B-9C85-7DDCE8AC7D04}.Debug|x64.Build.0 = Debug|x64
		{4D3195B9-D7F0-4D4B-9C85-7DDCE8AC7D04}.Debug|x86.ActiveCfg = Debug|Win32
		{4D3195B9-D7F0-4D4B-9C85-7DDCE8AC7D04}.Debug|x86.Build.0 = Debug|Win32
		{4D3195B9-D7F0-4D4B-9C85-7DDCE8AC7D04}.Release|x64.ActiveCfg = Release|x64
		{4D3195B9-D7F0-4D4B-9C85-7DDCE8AC7D04}.Release|x64.Build.0 = Release|x64
		{4D3195B9-D7F0-4D4B-9C85-7DDCE8AC7D04}.Release|x86.ActiveCfg = Release|Win32
		{4D3195B9-D7F0-4D4B-9C85-7DDCE8AC7D04}.Release|x86.Build.0 = Release|Win32
		{EFE8F144-8042-4FEC-BBF6-7C30BD572204}.Debug|x64.ActiveCfg = Debug|x64
		{EFE8F144-8042-4FEC-BBF6-7C30BD572204}.Debug|x64.Build.0 = Debug|x64
		{EFE8F144-8042-4FEC-BBF6-7C30BD572204}.Debug|x86.ActiveCfg = Debug|Win32
		{EFE8F144-8042-4FEC-BBF6-7C30BD572204}.Debug|x86.Build.0 = Debug|Win32
		{EFE8F144-8042-4FEC-BBF6-7C30BD572204}.Release|x64.ActiveCfg = Release|x64
		{EFE8F144-8042-4FEC-BBF6-7C30BD572204}.Release|x64.Build.0 = Release|x64
		{EFE8F144-8042-4FEC-BBF6-7C30BD572204}.Release|x86.ActiveCfg = Release|Win32
		{EFE8F144-8042-4FEC-BBF6-7C30BD572204}.Release|x86.Build.0 = Release|Win32
		{3965F5B3-96FF-4B00-8C7F-59D5184DA89A}.Debug|x64.ActiveCfg = Debug|x64
		{3965F5B3-96FF-4B00-8C7F-59D5184DA89A}.Debug|x64.Build.0 = Debug|x64
		{3965F5B3-96FF-4B00-8C7F-59D5184DA89A}.Debug|x86.ActiveCfg = Debug|Win32
		{3965F5B3-96FF-4B00-8C7F-59D5184DA89A}.Debug|x86.Build.0 = Debug|Win32
		{3965F5B3-96FF-4B00-8C7F-59D5184DA89A}.Release|x64.ActiveCfg = Release|x64
		{3965F5B3-96FF-4B00-8C7F-59D5184DA89A}.Release|x64.Build.0 = Release|x64
		{3965F5B3-96FF-4B00-8C7F-59D5184DA89A}.Release|x86.ActiveCfg = Release|Win32
		{3965F5B3-96FF-4B00-8C7F-59D5184DA89A}.Release|x86.Build.0 = Release|Win32
		{53E38693-E1D1-4769-9A89-1DCC8CEBFE62}.Debug|x64.ActiveCfg = Debug|x64
		{53E38693-E1D1-4769-9A89-1DCC8CEBFE62}.Debug|x64.Build.0 = Debug|x64
		{53E38693-E1D1-4769-9A89-1DCC8CEBFE62}.Debug|x86.ActiveCfg = Debug|Win32
		{53E38693-E1D1-4769-9A89-1DCC8CEBFE62}.Debug|x86.Build.0 = Debug|Win32
		{53E38693-E1D1-4769-9A89-1DCC8CEBFE62}.Release|x64.ActiveCfg = Release|x64
		{53E38693-E1D1-4769-9A89-1DCC8CEBFE62}.Release|x64.Build.0 = Release|x64
		{53E38693-E1D1-4769-9A89-1DCC8CEBFE62}.Release|x86.ActiveCfg = Release|Win32
		{53E38693-E1D1-4769-9A89-1DCC8CEBFE62}.Release|x86.Build.0 = Release|Win32
		{CA9FC3BD-4D6F-4560-9ADB-64C9C937CCA4}.Debug|x64.ActiveCfg = Debug|x64
		{CA9FC3BD-4D6F-4560-9ADB-64C9C937CCA4}.Debug|x64.Build.0 = Debug|x64
		{CA9FC3BD-4D6F-4560-9ADB-64C9C937CCA4}.Debug|x86.ActiveCfg = Debug|Win32
		{CA9FC3BD-4D6F-4560-9ADB-64C9C937CCA4}.Debug|x86.Build.0 = Debug|Win32
		{CA9FC3BD-4D6F-4560-9ADB-64C9C937CCA4}.Release|x64.ActiveCfg = Release|x64
		{CA9FC3BD-4D6F-4560-9ADB-64C9C937CCA4}.Release|x64.Build.0 = Release|x64
		{CA9FC3BD-4D6F-4560-9ADB-64C9C937CCA4}.Release|x86.ActiveCfg = Release|Win32
		{CA9FC3BD-4D6F-4560-9ADB-64C9C937CCA4}.Release|x86.Build.0 = Release|Win32
		{50900EF5-17AC-4B4E-93F4-ED8D6B4CF925}.Debug|x64.ActiveCfg = Debug|x64
		{50900EF5-17AC-4B4E-93F4-ED8D6B4CF925}.Debug|x64.Build.0 = Debug|x64
		{50900EF5-17AC-4B4E-93F4-ED8D6B4CF925}.Debug|x86.ActiveCfg = Debug|Win32
		{50900EF5-17AC-4B4E-93F4-ED8D6B4CF925}.Debug|x86.Build.0 = Debug|Win32
		{50900EF5-17AC-4B4E-93F4-ED8D6B4CF925}.Release|x64.ActiveCfg = Release|x64
		{50900EF5-17AC-4B4E-93F4-ED8D6B4CF925}.Release|x64.Build.0 = Release|x64
		{50900EF5-17AC-4B4E-93F4-ED8D6B4CF925}.Release|x86.ActiveCfg = Release|Win32
		{50900EF5-17AC-4B4E-93F4-ED8D6B4CF925}.Release|x86.Build.0 = Release|Win32
		{43318CB0-ACD9-4839-AE49-9A2C8C4F27F7}.Debug|x64.ActiveCfg = Debug|x64
		{43318CB0-ACD9-4839-AE49-9A2C8C4F27F7}.Debug|x64.Build.0 = Debug|x64
		{43318CB0-ACD9-4839-AE49-9A2C8C4F27F7}.Debug|x86.ActiveCfg = Debug|Win32
		{43318CB0-ACD9-4839-AE49-9A2C8C4F27F7}.Debug|x86.Build.0 = Debug|Win32
		{43318CB0-ACD9-4839-AE49-9A2C8C4F27F7}.Release|x64.ActiveCfg = Release|x64
		{43318CB0-ACD9-4839-AE49-9A2C8C4F27F7}.Release|x64.Build.0 = Release|x64
		{43318CB0-ACD9-4839-AE49-9A2C8C4F27F7}.Release|x86.ActiveCfg = Release|Win32
		{43318CB0-ACD9-4839-AE49-9A2C8C4F27F7}.Release|x86.Build.0 = Release|Win32
		{E4896D36-246B-463A-B8E0-2338929B5F62}.Debug|x64.ActiveCfg = Debug|x64
		{E4896D36-246B-463A-B8E0-2338929B5F62}.Debug|x64.Build.0 = Debug|x64
		{E4896D36-246B-463A-B8E0-2338929B5F62}.Debug|x86.ActiveCfg = Debug|Win32
		{E4896D36-246B-463A-B8E0-2338929B5F62}.Debug|x86.Build.0 = Debug|Win32
		{E4896D36-246B-463A-B8E0-2338929B5F62}.Release|x64.ActiveCfg = Release|x64
		{E4896D36-246B-463A-B8E0-2338929B5F62}.Release|x64.Build.0 = Release|x64
		{E4896D36-246B-463A-B8E0-2338929B5F62}.Release|x86.ActiveCfg = Release|Win32
		{E4896D36-246B-463A-B8E0-2338929B5F62}.Release|x86.Build.0 = Release|Win32
		{37C3F227-AAF5-4122-9E8C-A1FCB10EEB59}.Debug|x64.ActiveCfg = Debug|x64
		{37C3F227-AAF5-4122-9E8C-A1FCB10EEB59}.Debug|x64.Build.0 = Debug|x64
		{37C3F227-AAF5-4122-9E8C-A1FCB10EEB59}.Debug|x86.ActiveCfg = Debug|Win32
		{37C3F227-AAF5-4122-9E8C-A1FCB10EEB59}.Debug|x86.Build.0 = Debug|Win32
		{37C3F227-AAF5-4122-9E8C-A1FCB10EEB59}.Release|x64.ActiveCfg = Release|x64
		{37C3F227-AAF5-4122-9E8C-A1FCB10EEB59}.Release|x64.Build.0 = Release|x64
		{37C3F227-AAF5-4122-9E8C-A1FCB10EEB59}.Release|x86.ActiveCfg = Release|Win32
		{37C3F227-AAF5-4122-9E8C-A1FCB10EEB59}.Release|x86.Build.0 = Release|Win32
		{920A74D2-4514-4404-8F62-4B380C5AABAB}.Debug|x64.ActiveCfg = Debug|x64
		{920A74D2-4514-4404-8F62-4B380C5AABAB}.Debug|x64.Build.0 = Debug|x64
		{920A74D2-4514-4404-8F62-4B380C5AABAB}.Debug|x86.ActiveCfg = Debug|Win32
		{920A74D2-4514-4404-8F62-4B380C5AABAB}.Debug|x86.Build.0 = Debug|Win32
		{920A74D2-4514-4404-8F62-4B380C5AABAB}.Release|x64.ActiveCfg = Release|x64
		{920A74D2-4514-4404-8F62-4B380C5AABAB}.Release|x64.Build.0 = Release|x64
		{920A74D2-4514-4404-8F62-4B380C5AABAB}.Release|x86.ActiveCfg = Release|Win32
		{920A74D2-4514-4404-8F62-4B380C5AABAB}.Release|x86.Build.0 = Release|Win32
	EndGlobalSection
	GlobalSection(SolutionProperties) = preSolution
		HideSolutionNode = FALSE
	EndGlobalSection
EndGlobal
