
Microsoft Visual Studio Solution File, Format Version 12.00
# Visual Studio Version 17
VisualStudioVersion = 17.12.35527.113 d17.12
MinimumVisualStudioVersion = 10.0.40219.1
Project("{8BC9CEB8-8B4A-11D0-8D11-00A0C91BC942}") = "DynamicCast", "DynamicCast\DynamicCast.vcxproj", "{C372A6EF-2B69-4C17-A1A0-66DD2C05B9A2}"
EndProject
Project("{8BC9CEB8-8B4A-11D0-8D11-00A0C91BC942}") = "Template", "Template\Template.vcxproj", "{1DD6432F-2DA2-45B1-83E8-635516052CFB}"
EndProject
Project("{8BC9CEB8-8B4A-11D0-8D11-00A0C91BC942}") = "ClassTemplate", "ClassTemplate\ClassTemplate.vcxproj", "{326A5FD5-0A69-4644-AA80-144D285BE5F6}"
EndProject
Global
	GlobalSection(SolutionConfigurationPlatforms) = preSolution
		Debug|x64 = Debug|x64
		Debug|x86 = Debug|x86
		Release|x64 = Release|x64
		Release|x86 = Release|x86
	EndGlobalSection
	GlobalSection(ProjectConfigurationPlatforms) = postSolution
		{C372A6EF-2B69-4C17-A1A0-66DD2C05B9A2}.Debug|x64.ActiveCfg = Debug|x64
		{C372A6EF-2B69-4C17-A1A0-66DD2C05B9A2}.Debug|x64.Build.0 = Debug|x64
		{C372A6EF-2B69-4C17-A1A0-66DD2C05B9A2}.Debug|x86.ActiveCfg = Debug|Win32
		{C372A6EF-2B69-4C17-A1A0-66DD2C05B9A2}.Debug|x86.Build.0 = Debug|Win32
		{C372A6EF-2B69-4C17-A1A0-66DD2C05B9A2}.Release|x64.ActiveCfg = Release|x64
		{C372A6EF-2B69-4C17-A1A0-66DD2C05B9A2}.Release|x64.Build.0 = Release|x64
		{C372A6EF-2B69-4C17-A1A0-66DD2C05B9A2}.Release|x86.ActiveCfg = Release|Win32
		{C372A6EF-2B69-4C17-A1A0-66DD2C05B9A2}.Release|x86.Build.0 = Release|Win32
		{1DD6432F-2DA2-45B1-83E8-635516052CFB}.Debug|x64.ActiveCfg = Debug|x64
		{1DD6432F-2DA2-45B1-83E8-635516052CFB}.Debug|x64.Build.0 = Debug|x64
		{1DD6432F-2DA2-45B1-83E8-635516052CFB}.Debug|x86.ActiveCfg = Debug|Win32
		{1DD6432F-2DA2-45B1-83E8-635516052CFB}.Debug|x86.Build.0 = Debug|Win32
		{1DD6432F-2DA2-45B1-83E8-635516052CFB}.Release|x64.ActiveCfg = Release|x64
		{1DD6432F-2DA2-45B1-83E8-635516052CFB}.Release|x64.Build.0 = Release|x64
		{1DD6432F-2DA2-45B1-83E8-635516052CFB}.Release|x86.ActiveCfg = Release|Win32
		{1DD6432F-2DA2-45B1-83E8-635516052CFB}.Release|x86.Build.0 = Release|Win32
		{326A5FD5-0A69-4644-AA80-144D285BE5F6}.Debug|x64.ActiveCfg = Debug|x64
		{326A5FD5-0A69-4644-AA80-144D285BE5F6}.Debug|x64.Build.0 = Debug|x64
		{326A5FD5-0A69-4644-AA80-144D285BE5F6}.Debug|x86.ActiveCfg = Debug|Win32
		{326A5FD5-0A69-4644-AA80-144D285BE5F6}.Debug|x86.Build.0 = Debug|Win32
		{326A5FD5-0A69-4644-AA80-144D285BE5F6}.Release|x64.ActiveCfg = Release|x64
		{326A5FD5-0A69-4644-AA80-144D285BE5F6}.Release|x64.Build.0 = Release|x64
		{326A5FD5-0A69-4644-AA80-144D285BE5F6}.Release|x86.ActiveCfg = Release|Win32
		{326A5FD5-0A69-4644-AA80-144D285BE5F6}.Release|x86.Build.0 = Release|Win32
	EndGlobalSection
	GlobalSection(SolutionProperties) = preSolution
		HideSolutionNode = FALSE
	EndGlobalSection
EndGlobal
